
Microsoft Visual Studio Solution File, Format Version 12.00
# Visual Studio Version 17
VisualStudioVersion = 17.14.36109.1 d17.14
MinimumVisualStudioVersion = 10.0.40219.1
Project("{FAE04EC0-301F-11D3-BF4B-00C04F79EFBC}") = "PersonaWatch.WebApi", "PersonaWatch.WebApi\PersonaWatch.WebApi.csproj", "{EF67BD1A-E85F-45F1-9B63-FE02F2413B56}"
EndProject
Global
	GlobalSection(SolutionConfigurationPlatforms) = preSolution
		Debug|Any CPU = Debug|Any CPU
		Release|Any CPU = Release|Any CPU
	EndGlobalSection
	GlobalSection(ProjectConfigurationPlatforms) = postSolution
		{EF67BD1A-E85F-45F1-9B63-FE02F2413B56}.Debug|Any CPU.ActiveCfg = Debug|Any CPU
		{EF67BD1A-E85F-45F1-9B63-FE02F2413B56}.Debug|Any CPU.Build.0 = Debug|Any CPU
		{EF67BD1A-E85F-45F1-9B63-FE02F2413B56}.Release|Any CPU.ActiveCfg = Release|Any CPU
		{EF67BD1A-E85F-45F1-9B63-FE02F2413B56}.Release|Any CPU.Build.0 = Release|Any CPU
	EndGlobalSection
	GlobalSection(SolutionProperties) = preSolution
		HideSolutionNode = FALSE
	EndGlobalSection
	GlobalSection(ExtensibilityGlobals) = postSolution
		SolutionGuid = {AA4B16C1-61B4-43CD-BF61-878017859EB8}
	EndGlobalSection
EndGlobal
